// !$*UTF8*$!
{
	archiveVersion = 1;
	classes = {
	};
	objectVersion = 55;
	objects = {

/* Begin PBXBuildFile section */
		44D3FC4C27E280D800FBD92E /* CitiesTableViewController.swift in Sources */ = {isa = PBXBuildFile; fileRef = 44D3FC4B27E280D800FBD92E /* CitiesTableViewController.swift */; };
		44D3FC4E27E2818300FBD92E /* CityTableViewCell.swift in Sources */ = {isa = PBXBuildFile; fileRef = 44D3FC4D27E2818300FBD92E /* CityTableViewCell.swift */; };
		44D3FC5327E282A700FBD92E /* UIFont+Extension.swift in Sources */ = {isa = PBXBuildFile; fileRef = 44D3FC5227E282A700FBD92E /* UIFont+Extension.swift */; };
		44D3FC5727E285B700FBD92E /* SFProText-Bold.ttf in Resources */ = {isa = PBXBuildFile; fileRef = 44D3FC5527E285B700FBD92E /* SFProText-Bold.ttf */; };
		44D3FC5827E285B700FBD92E /* SFProText-Regular.ttf in Resources */ = {isa = PBXBuildFile; fileRef = 44D3FC5627E285B700FBD92E /* SFProText-Regular.ttf */; };
		44D3FC5B27E2872800FBD92E /* UIColor+Extension.swift in Sources */ = {isa = PBXBuildFile; fileRef = 44D3FC5A27E2872800FBD92E /* UIColor+Extension.swift */; };
		44D3FC6527E29B7200FBD92E /* ActivityIndicator.m in Sources */ = {isa = PBXBuildFile; fileRef = 44D3FC6427E29B7200FBD92E /* ActivityIndicator.m */; };
		44D3FC6727E29C2200FBD92E /* UIView+Extension.swift in Sources */ = {isa = PBXBuildFile; fileRef = 44D3FC6627E29C2200FBD92E /* UIView+Extension.swift */; };
		44D3FC6C27E2D08C00FBD92E /* Request.m in Sources */ = {isa = PBXBuildFile; fileRef = 44D3FC6B27E2D08C00FBD92E /* Request.m */; };
		44D3FC6E27E2D11F00FBD92E /* GradientView.swift in Sources */ = {isa = PBXBuildFile; fileRef = 44D3FC6D27E2D11F00FBD92E /* GradientView.swift */; };
		44D3FC7227E2D15C00FBD92E /* ShadowButton.swift in Sources */ = {isa = PBXBuildFile; fileRef = 44D3FC7127E2D15C00FBD92E /* ShadowButton.swift */; };
		44D3FC7427E2D18200FBD92E /* UITableViewCell+Extension.swift in Sources */ = {isa = PBXBuildFile; fileRef = 44D3FC7327E2D18200FBD92E /* UITableViewCell+Extension.swift */; };
		44D3FC7B27E2D92200FBD92E /* CityViewModel.swift in Sources */ = {isa = PBXBuildFile; fileRef = 44D3FC7A27E2D92200FBD92E /* CityViewModel.swift */; };
		44D3FC7D27E32AB000FBD92E /* Router.swift in Sources */ = {isa = PBXBuildFile; fileRef = 44D3FC7C27E32AB000FBD92E /* Router.swift */; };
		44D3FC7F27E32BF400FBD92E /* Constant.swift in Sources */ = {isa = PBXBuildFile; fileRef = 44D3FC7E27E32BF400FBD92E /* Constant.swift */; };
		44D3FC8127E32D1A00FBD92E /* RequestComponents.swift in Sources */ = {isa = PBXBuildFile; fileRef = 44D3FC8027E32D1A00FBD92E /* RequestComponents.swift */; };
		44D3FC8427E3413A00FBD92E /* CityWeather.swift in Sources */ = {isa = PBXBuildFile; fileRef = 44D3FC7827E2D64F00FBD92E /* CityWeather.swift */; };
		44D3FC8627E366E600FBD92E /* PersistentContainer.swift in Sources */ = {isa = PBXBuildFile; fileRef = 44D3FC8527E366E600FBD92E /* PersistentContainer.swift */; };
		44D3FC8827E3670A00FBD92E /* CoreDataOperations.swift in Sources */ = {isa = PBXBuildFile; fileRef = 44D3FC8727E3670A00FBD92E /* CoreDataOperations.swift */; };
		44D3FC8A27E3672800FBD92E /* CoreDataError.swift in Sources */ = {isa = PBXBuildFile; fileRef = 44D3FC8927E3672800FBD92E /* CoreDataError.swift */; };
		44D3FC8C27E3673E00FBD92E /* NSManagedObject+Extension.swift in Sources */ = {isa = PBXBuildFile; fileRef = 44D3FC8B27E3673E00FBD92E /* NSManagedObject+Extension.swift */; };
		44D3FC8E27E3677600FBD92E /* CoreDataTests.swift in Sources */ = {isa = PBXBuildFile; fileRef = 44D3FC8D27E3677600FBD92E /* CoreDataTests.swift */; };
		44D3FC9027E368E500FBD92E /* WeatherNetwork.swift in Sources */ = {isa = PBXBuildFile; fileRef = 44D3FC8F27E368E500FBD92E /* WeatherNetwork.swift */; };
		44D3FC9227E369C800FBD92E /* ResponseComponents.swift in Sources */ = {isa = PBXBuildFile; fileRef = 44D3FC9127E369C800FBD92E /* ResponseComponents.swift */; };
		44D3FC9427E369E800FBD92E /* APIError.swift in Sources */ = {isa = PBXBuildFile; fileRef = 44D3FC9327E369E800FBD92E /* APIError.swift */; };
		44D3FC9627E373F800FBD92E /* ErrorResponse.swift in Sources */ = {isa = PBXBuildFile; fileRef = 44D3FC9527E373F800FBD92E /* ErrorResponse.swift */; };
		44D3FC9827E38B7500FBD92E /* CitiesConfigurator.swift in Sources */ = {isa = PBXBuildFile; fileRef = 44D3FC9727E38B7500FBD92E /* CitiesConfigurator.swift */; };
		44D3FC9E27E3C37300FBD92E /* CitySearchViewController.swift in Sources */ = {isa = PBXBuildFile; fileRef = 44D3FC9D27E3C37300FBD92E /* CitySearchViewController.swift */; };
		44D3FCA127E3C62900FBD92E /* Route.swift in Sources */ = {isa = PBXBuildFile; fileRef = 44D3FCA027E3C62900FBD92E /* Route.swift */; };
		44D3FCA327E3C69500FBD92E /* CityRoute.swift in Sources */ = {isa = PBXBuildFile; fileRef = 44D3FCA227E3C69500FBD92E /* CityRoute.swift */; };
		44D3FCA527E3C6AB00FBD92E /* UIViewController+Extension.swift in Sources */ = {isa = PBXBuildFile; fileRef = 44D3FCA427E3C6AB00FBD92E /* UIViewController+Extension.swift */; };
		44D3FCA727E3D28500FBD92E /* City.swift in Sources */ = {isa = PBXBuildFile; fileRef = 44D3FCA627E3D28500FBD92E /* City.swift */; };
		44D3FCA927E3D29000FBD92E /* WeatherInfo.swift in Sources */ = {isa = PBXBuildFile; fileRef = 44D3FCA827E3D29000FBD92E /* WeatherInfo.swift */; };
		44D3FCAB27E3DDEB00FBD92E /* CitiesViewModel.swift in Sources */ = {isa = PBXBuildFile; fileRef = 44D3FCAA27E3DDEB00FBD92E /* CitiesViewModel.swift */; };
		44D3FCAF27E4BA7F00FBD92E /* CityHistoryViewController.swift in Sources */ = {isa = PBXBuildFile; fileRef = 44D3FCAD27E4BA7F00FBD92E /* CityHistoryViewController.swift */; };
		44D3FCB227E4BAAF00FBD92E /* CityHistoryViewModel.swift in Sources */ = {isa = PBXBuildFile; fileRef = 44D3FCB127E4BAAF00FBD92E /* CityHistoryViewModel.swift */; };
		44D3FCB427E4CCBB00FBD92E /* CityHistoryPresenter.swift in Sources */ = {isa = PBXBuildFile; fileRef = 44D3FCB327E4CCBA00FBD92E /* CityHistoryPresenter.swift */; };
		44D3FCB827E4D3A800FBD92E /* CityDetailsViewController.swift in Sources */ = {isa = PBXBuildFile; fileRef = 44D3FCB627E4D3A800FBD92E /* CityDetailsViewController.swift */; };
		44D3FCB927E4D3A800FBD92E /* CityDetailsViewController.xib in Resources */ = {isa = PBXBuildFile; fileRef = 44D3FCB727E4D3A800FBD92E /* CityDetailsViewController.xib */; };
		44D3FCBB27E4D59D00FBD92E /* Date+Extension.swift in Sources */ = {isa = PBXBuildFile; fileRef = 44D3FCBA27E4D59D00FBD92E /* Date+Extension.swift */; };
		44D3FCBD27E4D67300FBD92E /* WeatherInformation.swift in Sources */ = {isa = PBXBuildFile; fileRef = 44D3FCBC27E4D67300FBD92E /* WeatherInformation.swift */; };
		5F3D6BB12899C009111521CE /* Pods_Weather.framework in Frameworks */ = {isa = PBXBuildFile; fileRef = BC0930639E26B805375235E3 /* Pods_Weather.framework */; };
		A05C448027E2615400D437FA /* AppDelegate.swift in Sources */ = {isa = PBXBuildFile; fileRef = A05C447F27E2615400D437FA /* AppDelegate.swift */; };
		A05C448227E2615400D437FA /* SceneDelegate.swift in Sources */ = {isa = PBXBuildFile; fileRef = A05C448127E2615400D437FA /* SceneDelegate.swift */; };
		A05C448A27E2615400D437FA /* Weather.xcdatamodeld in Sources */ = {isa = PBXBuildFile; fileRef = A05C448827E2615400D437FA /* Weather.xcdatamodeld */; };
		A05C448C27E2615600D437FA /* Assets.xcassets in Resources */ = {isa = PBXBuildFile; fileRef = A05C448B27E2615600D437FA /* Assets.xcassets */; };
		A05C448F27E2615600D437FA /* LaunchScreen.storyboard in Resources */ = {isa = PBXBuildFile; fileRef = A05C448D27E2615600D437FA /* LaunchScreen.storyboard */; };
		A05C449A27E2615700D437FA /* WeatherTests.swift in Sources */ = {isa = PBXBuildFile; fileRef = A05C449927E2615700D437FA /* WeatherTests.swift */; };
		DA5D1BD17B556B270106237A /* Pods_WeatherTests.framework in Frameworks */ = {isa = PBXBuildFile; fileRef = 0FF8858FC08B4B14D0FFF555 /* Pods_WeatherTests.framework */; };
/* End PBXBuildFile section */

/* Begin PBXContainerItemProxy section */
		A05C449627E2615700D437FA /* PBXContainerItemProxy */ = {
			isa = PBXContainerItemProxy;
			containerPortal = A05C447427E2615400D437FA /* Project object */;
			proxyType = 1;
			remoteGlobalIDString = A05C447B27E2615400D437FA;
			remoteInfo = Weather;
		};
/* End PBXContainerItemProxy section */

/* Begin PBXCopyFilesBuildPhase section */
		44D3FC0C27E27A7000FBD92E /* Embed Frameworks */ = {
			isa = PBXCopyFilesBuildPhase;
			buildActionMask = 2147483647;
			dstPath = "";
			dstSubfolderSpec = 10;
			files = (
			);
			name = "Embed Frameworks";
			runOnlyForDeploymentPostprocessing = 0;
		};
/* End PBXCopyFilesBuildPhase section */

/* Begin PBXFileReference section */
		0FF8858FC08B4B14D0FFF555 /* Pods_WeatherTests.framework */ = {isa = PBXFileReference; explicitFileType = wrapper.framework; includeInIndex = 0; path = Pods_WeatherTests.framework; sourceTree = BUILT_PRODUCTS_DIR; };
		44D3FC1027E27AB400FBD92E /* AFNetworking.framework */ = {isa = PBXFileReference; explicitFileType = wrapper.framework; path = AFNetworking.framework; sourceTree = BUILT_PRODUCTS_DIR; };
		44D3FC4B27E280D800FBD92E /* CitiesTableViewController.swift */ = {isa = PBXFileReference; lastKnownFileType = sourcecode.swift; path = CitiesTableViewController.swift; sourceTree = "<group>"; };
		44D3FC4D27E2818300FBD92E /* CityTableViewCell.swift */ = {isa = PBXFileReference; lastKnownFileType = sourcecode.swift; path = CityTableViewCell.swift; sourceTree = "<group>"; };
		44D3FC5227E282A700FBD92E /* UIFont+Extension.swift */ = {isa = PBXFileReference; lastKnownFileType = sourcecode.swift; path = "UIFont+Extension.swift"; sourceTree = "<group>"; };
		44D3FC5527E285B700FBD92E /* SFProText-Bold.ttf */ = {isa = PBXFileReference; lastKnownFileType = file; path = "SFProText-Bold.ttf"; sourceTree = "<group>"; };
		44D3FC5627E285B700FBD92E /* SFProText-Regular.ttf */ = {isa = PBXFileReference; lastKnownFileType = file; path = "SFProText-Regular.ttf"; sourceTree = "<group>"; };
		44D3FC5A27E2872800FBD92E /* UIColor+Extension.swift */ = {isa = PBXFileReference; lastKnownFileType = sourcecode.swift; path = "UIColor+Extension.swift"; sourceTree = "<group>"; };
		44D3FC5D27E289F900FBD92E /* Weather-Bridging-Header.h */ = {isa = PBXFileReference; lastKnownFileType = sourcecode.c.h; path = "Weather-Bridging-Header.h"; sourceTree = "<group>"; };
		44D3FC6327E29B7200FBD92E /* ActivityIndicator.h */ = {isa = PBXFileReference; fileEncoding = 4; lastKnownFileType = sourcecode.c.h; path = ActivityIndicator.h; sourceTree = "<group>"; };
		44D3FC6427E29B7200FBD92E /* ActivityIndicator.m */ = {isa = PBXFileReference; fileEncoding = 4; lastKnownFileType = sourcecode.c.objc; path = ActivityIndicator.m; sourceTree = "<group>"; };
		44D3FC6627E29C2200FBD92E /* UIView+Extension.swift */ = {isa = PBXFileReference; lastKnownFileType = sourcecode.swift; path = "UIView+Extension.swift"; sourceTree = "<group>"; };
		44D3FC6B27E2D08C00FBD92E /* Request.m */ = {isa = PBXFileReference; lastKnownFileType = sourcecode.c.objc; path = Request.m; sourceTree = "<group>"; };
		44D3FC6D27E2D11F00FBD92E /* GradientView.swift */ = {isa = PBXFileReference; lastKnownFileType = sourcecode.swift; path = GradientView.swift; sourceTree = "<group>"; };
		44D3FC7127E2D15C00FBD92E /* ShadowButton.swift */ = {isa = PBXFileReference; lastKnownFileType = sourcecode.swift; path = ShadowButton.swift; sourceTree = "<group>"; };
		44D3FC7327E2D18200FBD92E /* UITableViewCell+Extension.swift */ = {isa = PBXFileReference; lastKnownFileType = sourcecode.swift; path = "UITableViewCell+Extension.swift"; sourceTree = "<group>"; };
		44D3FC7827E2D64F00FBD92E /* CityWeather.swift */ = {isa = PBXFileReference; lastKnownFileType = sourcecode.swift; path = CityWeather.swift; sourceTree = "<group>"; };
		44D3FC7A27E2D92200FBD92E /* CityViewModel.swift */ = {isa = PBXFileReference; lastKnownFileType = sourcecode.swift; path = CityViewModel.swift; sourceTree = "<group>"; };
		44D3FC7C27E32AB000FBD92E /* Router.swift */ = {isa = PBXFileReference; lastKnownFileType = sourcecode.swift; path = Router.swift; sourceTree = "<group>"; };
		44D3FC7E27E32BF400FBD92E /* Constant.swift */ = {isa = PBXFileReference; lastKnownFileType = sourcecode.swift; path = Constant.swift; sourceTree = "<group>"; };
		44D3FC8027E32D1A00FBD92E /* RequestComponents.swift */ = {isa = PBXFileReference; lastKnownFileType = sourcecode.swift; path = RequestComponents.swift; sourceTree = "<group>"; };
		44D3FC8227E3327800FBD92E /* Request.h */ = {isa = PBXFileReference; lastKnownFileType = sourcecode.c.h; path = Request.h; sourceTree = "<group>"; };
		44D3FC8527E366E600FBD92E /* PersistentContainer.swift */ = {isa = PBXFileReference; lastKnownFileType = sourcecode.swift; path = PersistentContainer.swift; sourceTree = "<group>"; };
		44D3FC8727E3670A00FBD92E /* CoreDataOperations.swift */ = {isa = PBXFileReference; lastKnownFileType = sourcecode.swift; path = CoreDataOperations.swift; sourceTree = "<group>"; };
		44D3FC8927E3672800FBD92E /* CoreDataError.swift */ = {isa = PBXFileReference; lastKnownFileType = sourcecode.swift; path = CoreDataError.swift; sourceTree = "<group>"; };
		44D3FC8B27E3673E00FBD92E /* NSManagedObject+Extension.swift */ = {isa = PBXFileReference; lastKnownFileType = sourcecode.swift; path = "NSManagedObject+Extension.swift"; sourceTree = "<group>"; };
		44D3FC8D27E3677600FBD92E /* CoreDataTests.swift */ = {isa = PBXFileReference; lastKnownFileType = sourcecode.swift; path = CoreDataTests.swift; sourceTree = "<group>"; };
		44D3FC8F27E368E500FBD92E /* WeatherNetwork.swift */ = {isa = PBXFileReference; lastKnownFileType = sourcecode.swift; path = WeatherNetwork.swift; sourceTree = "<group>"; };
		44D3FC9127E369C800FBD92E /* ResponseComponents.swift */ = {isa = PBXFileReference; lastKnownFileType = sourcecode.swift; path = ResponseComponents.swift; sourceTree = "<group>"; };
		44D3FC9327E369E800FBD92E /* APIError.swift */ = {isa = PBXFileReference; lastKnownFileType = sourcecode.swift; path = APIError.swift; sourceTree = "<group>"; };
		44D3FC9527E373F800FBD92E /* ErrorResponse.swift */ = {isa = PBXFileReference; lastKnownFileType = sourcecode.swift; path = ErrorResponse.swift; sourceTree = "<group>"; };
		44D3FC9727E38B7500FBD92E /* CitiesConfigurator.swift */ = {isa = PBXFileReference; lastKnownFileType = sourcecode.swift; path = CitiesConfigurator.swift; sourceTree = "<group>"; };
		44D3FC9D27E3C37300FBD92E /* CitySearchViewController.swift */ = {isa = PBXFileReference; lastKnownFileType = sourcecode.swift; path = CitySearchViewController.swift; sourceTree = "<group>"; };
		44D3FCA027E3C62900FBD92E /* Route.swift */ = {isa = PBXFileReference; lastKnownFileType = sourcecode.swift; path = Route.swift; sourceTree = "<group>"; };
		44D3FCA227E3C69500FBD92E /* CityRoute.swift */ = {isa = PBXFileReference; lastKnownFileType = sourcecode.swift; path = CityRoute.swift; sourceTree = "<group>"; };
		44D3FCA427E3C6AB00FBD92E /* UIViewController+Extension.swift */ = {isa = PBXFileReference; lastKnownFileType = sourcecode.swift; path = "UIViewController+Extension.swift"; sourceTree = "<group>"; };
		44D3FCA627E3D28500FBD92E /* City.swift */ = {isa = PBXFileReference; lastKnownFileType = sourcecode.swift; path = City.swift; sourceTree = "<group>"; };
		44D3FCA827E3D29000FBD92E /* WeatherInfo.swift */ = {isa = PBXFileReference; lastKnownFileType = sourcecode.swift; path = WeatherInfo.swift; sourceTree = "<group>"; };
		44D3FCAA27E3DDEB00FBD92E /* CitiesViewModel.swift */ = {isa = PBXFileReference; lastKnownFileType = sourcecode.swift; path = CitiesViewModel.swift; sourceTree = "<group>"; };
		44D3FCAD27E4BA7F00FBD92E /* CityHistoryViewController.swift */ = {isa = PBXFileReference; lastKnownFileType = sourcecode.swift; path = CityHistoryViewController.swift; sourceTree = "<group>"; };
		44D3FCB127E4BAAF00FBD92E /* CityHistoryViewModel.swift */ = {isa = PBXFileReference; lastKnownFileType = sourcecode.swift; path = CityHistoryViewModel.swift; sourceTree = "<group>"; };
		44D3FCB327E4CCBA00FBD92E /* CityHistoryPresenter.swift */ = {isa = PBXFileReference; lastKnownFileType = sourcecode.swift; path = CityHistoryPresenter.swift; sourceTree = "<group>"; };
		44D3FCB627E4D3A800FBD92E /* CityDetailsViewController.swift */ = {isa = PBXFileReference; lastKnownFileType = sourcecode.swift; path = CityDetailsViewController.swift; sourceTree = "<group>"; };
		44D3FCB727E4D3A800FBD92E /* CityDetailsViewController.xib */ = {isa = PBXFileReference; lastKnownFileType = file.xib; path = CityDetailsViewController.xib; sourceTree = "<group>"; };
		44D3FCBA27E4D59D00FBD92E /* Date+Extension.swift */ = {isa = PBXFileReference; lastKnownFileType = sourcecode.swift; path = "Date+Extension.swift"; sourceTree = "<group>"; };
		44D3FCBC27E4D67300FBD92E /* WeatherInformation.swift */ = {isa = PBXFileReference; lastKnownFileType = sourcecode.swift; path = WeatherInformation.swift; sourceTree = "<group>"; };
		5F5C71DD3F51E2A985D06EB7 /* Pods-Weather.release.xcconfig */ = {isa = PBXFileReference; includeInIndex = 1; lastKnownFileType = text.xcconfig; name = "Pods-Weather.release.xcconfig"; path = "Target Support Files/Pods-Weather/Pods-Weather.release.xcconfig"; sourceTree = "<group>"; };
		A05C447C27E2615400D437FA /* Weather.app */ = {isa = PBXFileReference; explicitFileType = wrapper.application; includeInIndex = 0; path = Weather.app; sourceTree = BUILT_PRODUCTS_DIR; };
		A05C447F27E2615400D437FA /* AppDelegate.swift */ = {isa = PBXFileReference; lastKnownFileType = sourcecode.swift; path = AppDelegate.swift; sourceTree = "<group>"; };
		A05C448127E2615400D437FA /* SceneDelegate.swift */ = {isa = PBXFileReference; lastKnownFileType = sourcecode.swift; path = SceneDelegate.swift; sourceTree = "<group>"; };
		A05C448927E2615400D437FA /* Weather.xcdatamodel */ = {isa = PBXFileReference; lastKnownFileType = wrapper.xcdatamodel; path = Weather.xcdatamodel; sourceTree = "<group>"; };
		A05C448B27E2615600D437FA /* Assets.xcassets */ = {isa = PBXFileReference; lastKnownFileType = folder.assetcatalog; path = Assets.xcassets; sourceTree = "<group>"; };
		A05C448E27E2615600D437FA /* Base */ = {isa = PBXFileReference; lastKnownFileType = file.storyboard; name = Base; path = Base.lproj/LaunchScreen.storyboard; sourceTree = "<group>"; };
		A05C449027E2615600D437FA /* Info.plist */ = {isa = PBXFileReference; lastKnownFileType = text.plist.xml; path = Info.plist; sourceTree = "<group>"; };
		A05C449527E2615700D437FA /* WeatherTests.xctest */ = {isa = PBXFileReference; explicitFileType = wrapper.cfbundle; includeInIndex = 0; path = WeatherTests.xctest; sourceTree = BUILT_PRODUCTS_DIR; };
		A05C449927E2615700D437FA /* WeatherTests.swift */ = {isa = PBXFileReference; lastKnownFileType = sourcecode.swift; path = WeatherTests.swift; sourceTree = "<group>"; };
		BC0930639E26B805375235E3 /* Pods_Weather.framework */ = {isa = PBXFileReference; explicitFileType = wrapper.framework; includeInIndex = 0; path = Pods_Weather.framework; sourceTree = BUILT_PRODUCTS_DIR; };
		CCBBD114EF7A5A88A06F9CA4 /* Pods-WeatherTests.debug.xcconfig */ = {isa = PBXFileReference; includeInIndex = 1; lastKnownFileType = text.xcconfig; name = "Pods-WeatherTests.debug.xcconfig"; path = "Target Support Files/Pods-WeatherTests/Pods-WeatherTests.debug.xcconfig"; sourceTree = "<group>"; };
		DD058694FF9D5E6E639F413D /* Pods-Weather.debug.xcconfig */ = {isa = PBXFileReference; includeInIndex = 1; lastKnownFileType = text.xcconfig; name = "Pods-Weather.debug.xcconfig"; path = "Target Support Files/Pods-Weather/Pods-Weather.debug.xcconfig"; sourceTree = "<group>"; };
		EF0950C767E253C27E49C187 /* Pods-WeatherTests.release.xcconfig */ = {isa = PBXFileReference; includeInIndex = 1; lastKnownFileType = text.xcconfig; name = "Pods-WeatherTests.release.xcconfig"; path = "Target Support Files/Pods-WeatherTests/Pods-WeatherTests.release.xcconfig"; sourceTree = "<group>"; };
/* End PBXFileReference section */

/* Begin PBXFrameworksBuildPhase section */
		A05C447927E2615400D437FA /* Frameworks */ = {
			isa = PBXFrameworksBuildPhase;
			buildActionMask = 2147483647;
			files = (
				5F3D6BB12899C009111521CE /* Pods_Weather.framework in Frameworks */,
			);
			runOnlyForDeploymentPostprocessing = 0;
		};
		A05C449227E2615700D437FA /* Frameworks */ = {
			isa = PBXFrameworksBuildPhase;
			buildActionMask = 2147483647;
			files = (
				DA5D1BD17B556B270106237A /* Pods_WeatherTests.framework in Frameworks */,
			);
			runOnlyForDeploymentPostprocessing = 0;
		};
/* End PBXFrameworksBuildPhase section */

/* Begin PBXGroup section */
		441D16D827E274E70085E5A1 /* SupportingFiles */ = {
			isa = PBXGroup;
			children = (
				A05C449027E2615600D437FA /* Info.plist */,
			);
			path = SupportingFiles;
			sourceTree = "<group>";
		};
		441D16D927E2750F0085E5A1 /* Resources */ = {
			isa = PBXGroup;
			children = (
				44D3FC5427E2858A00FBD92E /* Fonts */,
				A05C448B27E2615600D437FA /* Assets.xcassets */,
				A05C448D27E2615600D437FA /* LaunchScreen.storyboard */,
			);
			path = Resources;
			sourceTree = "<group>";
		};
		441D16DA27E275340085E5A1 /* Application */ = {
			isa = PBXGroup;
			children = (
				A05C447F27E2615400D437FA /* AppDelegate.swift */,
				A05C448127E2615400D437FA /* SceneDelegate.swift */,
			);
			path = Application;
			sourceTree = "<group>";
		};
		441D16DB27E275610085E5A1 /* CoreData */ = {
			isa = PBXGroup;
			children = (
				441D16DC27E2756E0085E5A1 /* Models */,
				A05C448827E2615400D437FA /* Weather.xcdatamodeld */,
				44D3FC8527E366E600FBD92E /* PersistentContainer.swift */,
				44D3FC8727E3670A00FBD92E /* CoreDataOperations.swift */,
				44D3FC8927E3672800FBD92E /* CoreDataError.swift */,
				44D3FC8B27E3673E00FBD92E /* NSManagedObject+Extension.swift */,
			);
			path = CoreData;
			sourceTree = "<group>";
		};
		441D16DC27E2756E0085E5A1 /* Models */ = {
			isa = PBXGroup;
			children = (
				44D3FCA627E3D28500FBD92E /* City.swift */,
				44D3FCA827E3D29000FBD92E /* WeatherInfo.swift */,
			);
			path = Models;
			sourceTree = "<group>";
		};
		44D3FC4727E27FF000FBD92E /* Scenes */ = {
			isa = PBXGroup;
			children = (
				44D3FCB527E4D38000FBD92E /* CityDetails */,
				44D3FCAC27E4BA5200FBD92E /* CityHistory */,
				44D3FC9C27E3C35300FBD92E /* CitySearch */,
				44D3FC4927E2805100FBD92E /* Cities */,
			);
			path = Scenes;
			sourceTree = "<group>";
		};
		44D3FC4927E2805100FBD92E /* Cities */ = {
			isa = PBXGroup;
			children = (
				44D3FC7727E2D57300FBD92E /* ViewModel */,
				44D3FC7627E2D56E00FBD92E /* Model */,
				44D3FC7527E2D55600FBD92E /* View */,
				44D3FC9727E38B7500FBD92E /* CitiesConfigurator.swift */,
				44D3FCA227E3C69500FBD92E /* CityRoute.swift */,
			);
			path = Cities;
			sourceTree = "<group>";
		};
		44D3FC4F27E281E400FBD92E /* Helpers */ = {
			isa = PBXGroup;
			children = (
				44D3FC6227E29B7200FBD92E /* ActivityIndicator */,
				44D3FC5927E2871400FBD92E /* Extensions */,
				44D3FC6F27E2D13B00FBD92E /* CustomViews */,
				44D3FC7E27E32BF400FBD92E /* Constant.swift */,
			);
			path = Helpers;
			sourceTree = "<group>";
		};
		44D3FC5427E2858A00FBD92E /* Fonts */ = {
			isa = PBXGroup;
			children = (
				44D3FC5527E285B700FBD92E /* SFProText-Bold.ttf */,
				44D3FC5627E285B700FBD92E /* SFProText-Regular.ttf */,
			);
			path = Fonts;
			sourceTree = "<group>";
		};
		44D3FC5927E2871400FBD92E /* Extensions */ = {
			isa = PBXGroup;
			children = (
				44D3FC5227E282A700FBD92E /* UIFont+Extension.swift */,
				44D3FC5A27E2872800FBD92E /* UIColor+Extension.swift */,
				44D3FC6627E29C2200FBD92E /* UIView+Extension.swift */,
				44D3FC7327E2D18200FBD92E /* UITableViewCell+Extension.swift */,
				44D3FCA427E3C6AB00FBD92E /* UIViewController+Extension.swift */,
				44D3FCBA27E4D59D00FBD92E /* Date+Extension.swift */,
			);
			path = Extensions;
			sourceTree = "<group>";
		};
		44D3FC6227E29B7200FBD92E /* ActivityIndicator */ = {
			isa = PBXGroup;
			children = (
				44D3FC6327E29B7200FBD92E /* ActivityIndicator.h */,
				44D3FC6427E29B7200FBD92E /* ActivityIndicator.m */,
			);
			path = ActivityIndicator;
			sourceTree = "<group>";
		};
		44D3FC6827E2CD9A00FBD92E /* Network */ = {
			isa = PBXGroup;
			children = (
				44D3FC8227E3327800FBD92E /* Request.h */,
				44D3FC6B27E2D08C00FBD92E /* Request.m */,
				44D3FC7C27E32AB000FBD92E /* Router.swift */,
				44D3FC8027E32D1A00FBD92E /* RequestComponents.swift */,
				44D3FC8F27E368E500FBD92E /* WeatherNetwork.swift */,
				44D3FC9127E369C800FBD92E /* ResponseComponents.swift */,
				44D3FC9327E369E800FBD92E /* APIError.swift */,
				44D3FC9527E373F800FBD92E /* ErrorResponse.swift */,
			);
			path = Network;
			sourceTree = "<group>";
		};
		44D3FC6F27E2D13B00FBD92E /* CustomViews */ = {
			isa = PBXGroup;
			children = (
				44D3FC6D27E2D11F00FBD92E /* GradientView.swift */,
				44D3FC7127E2D15C00FBD92E /* ShadowButton.swift */,
			);
			path = CustomViews;
			sourceTree = "<group>";
		};
		44D3FC7527E2D55600FBD92E /* View */ = {
			isa = PBXGroup;
			children = (
				44D3FC4B27E280D800FBD92E /* CitiesTableViewController.swift */,
				44D3FC4D27E2818300FBD92E /* CityTableViewCell.swift */,
			);
			path = View;
			sourceTree = "<group>";
		};
		44D3FC7627E2D56E00FBD92E /* Model */ = {
			isa = PBXGroup;
			children = (
				44D3FC7827E2D64F00FBD92E /* CityWeather.swift */,
			);
			path = Model;
			sourceTree = "<group>";
		};
		44D3FC7727E2D57300FBD92E /* ViewModel */ = {
			isa = PBXGroup;
			children = (
				44D3FCAA27E3DDEB00FBD92E /* CitiesViewModel.swift */,
			);
			path = ViewModel;
			sourceTree = "<group>";
		};
		44D3FC9927E38EAD00FBD92E /* Gateways */ = {
			isa = PBXGroup;
			children = (
				44D3FC6827E2CD9A00FBD92E /* Network */,
				441D16DB27E275610085E5A1 /* CoreData */,
			);
			path = Gateways;
			sourceTree = "<group>";
		};
		44D3FC9C27E3C35300FBD92E /* CitySearch */ = {
			isa = PBXGroup;
			children = (
				44D3FC7A27E2D92200FBD92E /* CityViewModel.swift */,
				44D3FC9D27E3C37300FBD92E /* CitySearchViewController.swift */,
			);
			path = CitySearch;
			sourceTree = "<group>";
		};
		44D3FC9F27E3C61700FBD92E /* NavigationRoute */ = {
			isa = PBXGroup;
			children = (
				44D3FCA027E3C62900FBD92E /* Route.swift */,
			);
			path = NavigationRoute;
			sourceTree = "<group>";
		};
		44D3FCAC27E4BA5200FBD92E /* CityHistory */ = {
			isa = PBXGroup;
			children = (
				44D3FCAD27E4BA7F00FBD92E /* CityHistoryViewController.swift */,
				44D3FCB127E4BAAF00FBD92E /* CityHistoryViewModel.swift */,
				44D3FCB327E4CCBA00FBD92E /* CityHistoryPresenter.swift */,
				44D3FCBC27E4D67300FBD92E /* WeatherInformation.swift */,
			);
			path = CityHistory;
			sourceTree = "<group>";
		};
		44D3FCB527E4D38000FBD92E /* CityDetails */ = {
			isa = PBXGroup;
			children = (
				44D3FCB627E4D3A800FBD92E /* CityDetailsViewController.swift */,
				44D3FCB727E4D3A800FBD92E /* CityDetailsViewController.xib */,
			);
			path = CityDetails;
			sourceTree = "<group>";
		};
		A05C447327E2615400D437FA = {
			isa = PBXGroup;
			children = (
				A05C447E27E2615400D437FA /* Weather */,
				A05C449827E2615700D437FA /* WeatherTests */,
				A05C447D27E2615400D437FA /* Products */,
				DE30278CB252C3077384665E /* Pods */,
				A11B44DACD4DA0237317D3E6 /* Frameworks */,
			);
			sourceTree = "<group>";
		};
		A05C447D27E2615400D437FA /* Products */ = {
			isa = PBXGroup;
			children = (
				A05C447C27E2615400D437FA /* Weather.app */,
				A05C449527E2615700D437FA /* WeatherTests.xctest */,
			);
			name = Products;
			sourceTree = "<group>";
		};
		A05C447E27E2615400D437FA /* Weather */ = {
			isa = PBXGroup;
			children = (
				44D3FC5D27E289F900FBD92E /* Weather-Bridging-Header.h */,
				441D16DA27E275340085E5A1 /* Application */,
				44D3FC4727E27FF000FBD92E /* Scenes */,
				441D16D927E2750F0085E5A1 /* Resources */,
				441D16D827E274E70085E5A1 /* SupportingFiles */,
				44D3FC9F27E3C61700FBD92E /* NavigationRoute */,
				44D3FC4F27E281E400FBD92E /* Helpers */,
				44D3FC9927E38EAD00FBD92E /* Gateways */,
			);
			path = Weather;
			sourceTree = "<group>";
		};
		A05C449827E2615700D437FA /* WeatherTests */ = {
			isa = PBXGroup;
			children = (
				A05C449927E2615700D437FA /* WeatherTests.swift */,
				44D3FC8D27E3677600FBD92E /* CoreDataTests.swift */,
			);
			path = WeatherTests;
			sourceTree = "<group>";
		};
		A11B44DACD4DA0237317D3E6 /* Frameworks */ = {
			isa = PBXGroup;
			children = (
				44D3FC1027E27AB400FBD92E /* AFNetworking.framework */,
				BC0930639E26B805375235E3 /* Pods_Weather.framework */,
				0FF8858FC08B4B14D0FFF555 /* Pods_WeatherTests.framework */,
			);
			name = Frameworks;
			sourceTree = "<group>";
		};
		DE30278CB252C3077384665E /* Pods */ = {
			isa = PBXGroup;
			children = (
				DD058694FF9D5E6E639F413D /* Pods-Weather.debug.xcconfig */,
				5F5C71DD3F51E2A985D06EB7 /* Pods-Weather.release.xcconfig */,
				CCBBD114EF7A5A88A06F9CA4 /* Pods-WeatherTests.debug.xcconfig */,
				EF0950C767E253C27E49C187 /* Pods-WeatherTests.release.xcconfig */,
			);
			path = Pods;
			sourceTree = "<group>";
		};
/* End PBXGroup section */

/* Begin PBXNativeTarget section */
		A05C447B27E2615400D437FA /* Weather */ = {
			isa = PBXNativeTarget;
			buildConfigurationList = A05C44A927E2615700D437FA /* Build configuration list for PBXNativeTarget "Weather" */;
			buildPhases = (
				064884F760E10AFA9724DB04 /* [CP] Check Pods Manifest.lock */,
				A05C447827E2615400D437FA /* Sources */,
				A05C447927E2615400D437FA /* Frameworks */,
				A05C447A27E2615400D437FA /* Resources */,
				77406534D081584BFF09284F /* [CP] Embed Pods Frameworks */,
				44D3FC0C27E27A7000FBD92E /* Embed Frameworks */,
			);
			buildRules = (
			);
			dependencies = (
			);
			name = Weather;
			productName = Weather;
			productReference = A05C447C27E2615400D437FA /* Weather.app */;
			productType = "com.apple.product-type.application";
		};
		A05C449427E2615700D437FA /* WeatherTests */ = {
			isa = PBXNativeTarget;
			buildConfigurationList = A05C44AC27E2615700D437FA /* Build configuration list for PBXNativeTarget "WeatherTests" */;
			buildPhases = (
				4E4A03BF0CD2ACD0373722D8 /* [CP] Check Pods Manifest.lock */,
				A05C449127E2615700D437FA /* Sources */,
				A05C449227E2615700D437FA /* Frameworks */,
				A05C449327E2615700D437FA /* Resources */,
			);
			buildRules = (
			);
			dependencies = (
				A05C449727E2615700D437FA /* PBXTargetDependency */,
			);
			name = WeatherTests;
			productName = WeatherTests;
			productReference = A05C449527E2615700D437FA /* WeatherTests.xctest */;
			productType = "com.apple.product-type.bundle.unit-test";
		};
/* End PBXNativeTarget section */

/* Begin PBXProject section */
		A05C447427E2615400D437FA /* Project object */ = {
			isa = PBXProject;
			attributes = {
				BuildIndependentTargetsInParallel = 1;
				LastSwiftUpdateCheck = 1330;
				LastUpgradeCheck = 1330;
				TargetAttributes = {
					A05C447B27E2615400D437FA = {
						CreatedOnToolsVersion = 13.3;
						LastSwiftMigration = 1320;
					};
					A05C449427E2615700D437FA = {
						CreatedOnToolsVersion = 13.3;
						TestTargetID = A05C447B27E2615400D437FA;
					};
				};
			};
			buildConfigurationList = A05C447727E2615400D437FA /* Build configuration list for PBXProject "Weather" */;
			compatibilityVersion = "Xcode 13.0";
			developmentRegion = en;
			hasScannedForEncodings = 0;
			knownRegions = (
				en,
				Base,
			);
			mainGroup = A05C447327E2615400D437FA;
			productRefGroup = A05C447D27E2615400D437FA /* Products */;
			projectDirPath = "";
			projectRoot = "";
			targets = (
				A05C447B27E2615400D437FA /* Weather */,
				A05C449427E2615700D437FA /* WeatherTests */,
			);
		};
/* End PBXProject section */

/* Begin PBXResourcesBuildPhase section */
		A05C447A27E2615400D437FA /* Resources */ = {
			isa = PBXResourcesBuildPhase;
			buildActionMask = 2147483647;
			files = (
				A05C448F27E2615600D437FA /* LaunchScreen.storyboard in Resources */,
				A05C448C27E2615600D437FA /* Assets.xcassets in Resources */,
				44D3FCB927E4D3A800FBD92E /* CityDetailsViewController.xib in Resources */,
				44D3FC5827E285B700FBD92E /* SFProText-Regular.ttf in Resources */,
				44D3FC5727E285B700FBD92E /* SFProText-Bold.ttf in Resources */,
			);
			runOnlyForDeploymentPostprocessing = 0;
		};
		A05C449327E2615700D437FA /* Resources */ = {
			isa = PBXResourcesBuildPhase;
			buildActionMask = 2147483647;
			files = (
			);
			runOnlyForDeploymentPostprocessing = 0;
		};
/* End PBXResourcesBuildPhase section */

/* Begin PBXShellScriptBuildPhase section */
		064884F760E10AFA9724DB04 /* [CP] Check Pods Manifest.lock */ = {
			isa = PBXShellScriptBuildPhase;
			buildActionMask = 2147483647;
			files = (
			);
			inputFileListPaths = (
			);
			inputPaths = (
				"${PODS_PODFILE_DIR_PATH}/Podfile.lock",
				"${PODS_ROOT}/Manifest.lock",
			);
			name = "[CP] Check Pods Manifest.lock";
			outputFileListPaths = (
			);
			outputPaths = (
				"$(DERIVED_FILE_DIR)/Pods-Weather-checkManifestLockResult.txt",
			);
			runOnlyForDeploymentPostprocessing = 0;
			shellPath = /bin/sh;
			shellScript = "diff \"${PODS_PODFILE_DIR_PATH}/Podfile.lock\" \"${PODS_ROOT}/Manifest.lock\" > /dev/null\nif [ $? != 0 ] ; then\n    # print error to STDERR\n    echo \"error: The sandbox is not in sync with the Podfile.lock. Run 'pod install' or update your CocoaPods installation.\" >&2\n    exit 1\nfi\n# This output is used by Xcode 'outputs' to avoid re-running this script phase.\necho \"SUCCESS\" > \"${SCRIPT_OUTPUT_FILE_0}\"\n";
			showEnvVarsInLog = 0;
		};
		4E4A03BF0CD2ACD0373722D8 /* [CP] Check Pods Manifest.lock */ = {
			isa = PBXShellScriptBuildPhase;
			buildActionMask = 2147483647;
			files = (
			);
			inputFileListPaths = (
			);
			inputPaths = (
				"${PODS_PODFILE_DIR_PATH}/Podfile.lock",
				"${PODS_ROOT}/Manifest.lock",
			);
			name = "[CP] Check Pods Manifest.lock";
			outputFileListPaths = (
			);
			outputPaths = (
				"$(DERIVED_FILE_DIR)/Pods-WeatherTests-checkManifestLockResult.txt",
			);
			runOnlyForDeploymentPostprocessing = 0;
			shellPath = /bin/sh;
			shellScript = "diff \"${PODS_PODFILE_DIR_PATH}/Podfile.lock\" \"${PODS_ROOT}/Manifest.lock\" > /dev/null\nif [ $? != 0 ] ; then\n    # print error to STDERR\n    echo \"error: The sandbox is not in sync with the Podfile.lock. Run 'pod install' or update your CocoaPods installation.\" >&2\n    exit 1\nfi\n# This output is used by Xcode 'outputs' to avoid re-running this script phase.\necho \"SUCCESS\" > \"${SCRIPT_OUTPUT_FILE_0}\"\n";
			showEnvVarsInLog = 0;
		};
		77406534D081584BFF09284F /* [CP] Embed Pods Frameworks */ = {
			isa = PBXShellScriptBuildPhase;
			buildActionMask = 2147483647;
			files = (
			);
			inputFileListPaths = (
				"${PODS_ROOT}/Target Support Files/Pods-Weather/Pods-Weather-frameworks-${CONFIGURATION}-input-files.xcfilelist",
			);
			name = "[CP] Embed Pods Frameworks";
			outputFileListPaths = (
				"${PODS_ROOT}/Target Support Files/Pods-Weather/Pods-Weather-frameworks-${CONFIGURATION}-output-files.xcfilelist",
			);
			runOnlyForDeploymentPostprocessing = 0;
			shellPath = /bin/sh;
			shellScript = "\"${PODS_ROOT}/Target Support Files/Pods-Weather/Pods-Weather-frameworks.sh\"\n";
			showEnvVarsInLog = 0;
		};
/* End PBXShellScriptBuildPhase section */

/* Begin PBXSourcesBuildPhase section */
		A05C447827E2615400D437FA /* Sources */ = {
			isa = PBXSourcesBuildPhase;
			buildActionMask = 2147483647;
			files = (
				44D3FCA527E3C6AB00FBD92E /* UIViewController+Extension.swift in Sources */,
				44D3FCAF27E4BA7F00FBD92E /* CityHistoryViewController.swift in Sources */,
				44D3FCBB27E4D59D00FBD92E /* Date+Extension.swift in Sources */,
				44D3FCA327E3C69500FBD92E /* CityRoute.swift in Sources */,
				44D3FC6527E29B7200FBD92E /* ActivityIndicator.m in Sources */,
				44D3FC7F27E32BF400FBD92E /* Constant.swift in Sources */,
				44D3FC8427E3413A00FBD92E /* CityWeather.swift in Sources */,
				44D3FCB827E4D3A800FBD92E /* CityDetailsViewController.swift in Sources */,
				44D3FCA127E3C62900FBD92E /* Route.swift in Sources */,
				44D3FC8627E366E600FBD92E /* PersistentContainer.swift in Sources */,
				44D3FC6C27E2D08C00FBD92E /* Request.m in Sources */,
				44D3FC8C27E3673E00FBD92E /* NSManagedObject+Extension.swift in Sources */,
				44D3FC6E27E2D11F00FBD92E /* GradientView.swift in Sources */,
				44D3FC7427E2D18200FBD92E /* UITableViewCell+Extension.swift in Sources */,
				44D3FC7B27E2D92200FBD92E /* CityViewModel.swift in Sources */,
				44D3FC5327E282A700FBD92E /* UIFont+Extension.swift in Sources */,
				A05C448A27E2615400D437FA /* Weather.xcdatamodeld in Sources */,
				44D3FC7D27E32AB000FBD92E /* Router.swift in Sources */,
				44D3FC6727E29C2200FBD92E /* UIView+Extension.swift in Sources */,
				A05C448027E2615400D437FA /* AppDelegate.swift in Sources */,
				44D3FC9827E38B7500FBD92E /* CitiesConfigurator.swift in Sources */,
				44D3FC9027E368E500FBD92E /* WeatherNetwork.swift in Sources */,
				44D3FC7227E2D15C00FBD92E /* ShadowButton.swift in Sources */,
				44D3FC9227E369C800FBD92E /* ResponseComponents.swift in Sources */,
				44D3FC8827E3670A00FBD92E /* CoreDataOperations.swift in Sources */,
				44D3FCBD27E4D67300FBD92E /* WeatherInformation.swift in Sources */,
				44D3FC5B27E2872800FBD92E /* UIColor+Extension.swift in Sources */,
				44D3FCB227E4BAAF00FBD92E /* CityHistoryViewModel.swift in Sources */,
				44D3FCAB27E3DDEB00FBD92E /* CitiesViewModel.swift in Sources */,
				44D3FCA927E3D29000FBD92E /* WeatherInfo.swift in Sources */,
				44D3FC8127E32D1A00FBD92E /* RequestComponents.swift in Sources */,
				44D3FC4E27E2818300FBD92E /* CityTableViewCell.swift in Sources */,
				44D3FCB427E4CCBB00FBD92E /* CityHistoryPresenter.swift in Sources */,
				A05C448227E2615400D437FA /* SceneDelegate.swift in Sources */,
				44D3FC4C27E280D800FBD92E /* CitiesTableViewController.swift in Sources */,
				44D3FC9427E369E800FBD92E /* APIError.swift in Sources */,
				44D3FCA727E3D28500FBD92E /* City.swift in Sources */,
				44D3FC8A27E3672800FBD92E /* CoreDataError.swift in Sources */,
				44D3FC9E27E3C37300FBD92E /* CitySearchViewController.swift in Sources */,
				44D3FC9627E373F800FBD92E /* ErrorResponse.swift in Sources */,
			);
			runOnlyForDeploymentPostprocessing = 0;
		};
		A05C449127E2615700D437FA /* Sources */ = {
			isa = PBXSourcesBuildPhase;
			buildActionMask = 2147483647;
			files = (
				44D3FC8E27E3677600FBD92E /* CoreDataTests.swift in Sources */,
				A05C449A27E2615700D437FA /* WeatherTests.swift in Sources */,
			);
			runOnlyForDeploymentPostprocessing = 0;
		};
/* End PBXSourcesBuildPhase section */

/* Begin PBXTargetDependency section */
		A05C449727E2615700D437FA /* PBXTargetDependency */ = {
			isa = PBXTargetDependency;
			target = A05C447B27E2615400D437FA /* Weather */;
			targetProxy = A05C449627E2615700D437FA /* PBXContainerItemProxy */;
		};
/* End PBXTargetDependency section */

/* Begin PBXVariantGroup section */
		A05C448D27E2615600D437FA /* LaunchScreen.storyboard */ = {
			isa = PBXVariantGroup;
			children = (
				A05C448E27E2615600D437FA /* Base */,
			);
			name = LaunchScreen.storyboard;
			sourceTree = "<group>";
		};
/* End PBXVariantGroup section */

/* Begin XCBuildConfiguration section */
		A05C44A727E2615700D437FA /* Debug */ = {
			isa = XCBuildConfiguration;
			buildSettings = {
				ALWAYS_SEARCH_USER_PATHS = NO;
				CLANG_ANALYZER_NONNULL = YES;
				CLANG_ANALYZER_NUMBER_OBJECT_CONVERSION = YES_AGGRESSIVE;
				CLANG_CXX_LANGUAGE_STANDARD = "gnu++17";
				CLANG_ENABLE_MODULES = YES;
				CLANG_ENABLE_OBJC_ARC = YES;
				CLANG_ENABLE_OBJC_WEAK = YES;
				CLANG_WARN_BLOCK_CAPTURE_AUTORELEASING = YES;
				CLANG_WARN_BOOL_CONVERSION = YES;
				CLANG_WARN_COMMA = YES;
				CLANG_WARN_CONSTANT_CONVERSION = YES;
				CLANG_WARN_DEPRECATED_OBJC_IMPLEMENTATIONS = YES;
				CLANG_WARN_DIRECT_OBJC_ISA_USAGE = YES_ERROR;
				CLANG_WARN_DOCUMENTATION_COMMENTS = YES;
				CLANG_WARN_EMPTY_BODY = YES;
				CLANG_WARN_ENUM_CONVERSION = YES;
				CLANG_WARN_INFINITE_RECURSION = YES;
				CLANG_WARN_INT_CONVERSION = YES;
				CLANG_WARN_NON_LITERAL_NULL_CONVERSION = YES;
				CLANG_WARN_OBJC_IMPLICIT_RETAIN_SELF = YES;
				CLANG_WARN_OBJC_LITERAL_CONVERSION = YES;
				CLANG_WARN_OBJC_ROOT_CLASS = YES_ERROR;
				CLANG_WARN_QUOTED_INCLUDE_IN_FRAMEWORK_HEADER = YES;
				CLANG_WARN_RANGE_LOOP_ANALYSIS = YES;
				CLANG_WARN_STRICT_PROTOTYPES = YES;
				CLANG_WARN_SUSPICIOUS_MOVE = YES;
				CLANG_WARN_UNGUARDED_AVAILABILITY = YES_AGGRESSIVE;
				CLANG_WARN_UNREACHABLE_CODE = YES;
				CLANG_WARN__DUPLICATE_METHOD_MATCH = YES;
				COPY_PHASE_STRIP = NO;
				DEBUG_INFORMATION_FORMAT = dwarf;
				ENABLE_STRICT_OBJC_MSGSEND = YES;
				ENABLE_TESTABILITY = YES;
				GCC_C_LANGUAGE_STANDARD = gnu11;
				GCC_DYNAMIC_NO_PIC = NO;
				GCC_NO_COMMON_BLOCKS = YES;
				GCC_OPTIMIZATION_LEVEL = 0;
				GCC_PREPROCESSOR_DEFINITIONS = (
					"DEBUG=1",
					"$(inherited)",
				);
				GCC_WARN_64_TO_32_BIT_CONVERSION = YES;
				GCC_WARN_ABOUT_RETURN_TYPE = YES_ERROR;
				GCC_WARN_UNDECLARED_SELECTOR = YES;
				GCC_WARN_UNINITIALIZED_AUTOS = YES_AGGRESSIVE;
				GCC_WARN_UNUSED_FUNCTION = YES;
				GCC_WARN_UNUSED_VARIABLE = YES;
				IPHONEOS_DEPLOYMENT_TARGET = 13.0;
				MTL_ENABLE_DEBUG_INFO = INCLUDE_SOURCE;
				MTL_FAST_MATH = YES;
				ONLY_ACTIVE_ARCH = YES;
				SDKROOT = iphoneos;
				SWIFT_ACTIVE_COMPILATION_CONDITIONS = DEBUG;
				SWIFT_OPTIMIZATION_LEVEL = "-Onone";
			};
			name = Debug;
		};
		A05C44A827E2615700D437FA /* Release */ = {
			isa = XCBuildConfiguration;
			buildSettings = {
				ALWAYS_SEARCH_USER_PATHS = NO;
				CLANG_ANALYZER_NONNULL = YES;
				CLANG_ANALYZER_NUMBER_OBJECT_CONVERSION = YES_AGGRESSIVE;
				CLANG_CXX_LANGUAGE_STANDARD = "gnu++17";
				CLANG_ENABLE_MODULES = YES;
				CLANG_ENABLE_OBJC_ARC = YES;
				CLANG_ENABLE_OBJC_WEAK = YES;
				CLANG_WARN_BLOCK_CAPTURE_AUTORELEASING = YES;
				CLANG_WARN_BOOL_CONVERSION = YES;
				CLANG_WARN_COMMA = YES;
				CLANG_WARN_CONSTANT_CONVERSION = YES;
				CLANG_WARN_DEPRECATED_OBJC_IMPLEMENTATIONS = YES;
				CLANG_WARN_DIRECT_OBJC_ISA_USAGE = YES_ERROR;
				CLANG_WARN_DOCUMENTATION_COMMENTS = YES;
				CLANG_WARN_EMPTY_BODY = YES;
				CLANG_WARN_ENUM_CONVERSION = YES;
				CLANG_WARN_INFINITE_RECURSION = YES;
				CLANG_WARN_INT_CONVERSION = YES;
				CLANG_WARN_NON_LITERAL_NULL_CONVERSION = YES;
				CLANG_WARN_OBJC_IMPLICIT_RETAIN_SELF = YES;
				CLANG_WARN_OBJC_LITERAL_CONVERSION = YES;
				CLANG_WARN_OBJC_ROOT_CLASS = YES_ERROR;
				CLANG_WARN_QUOTED_INCLUDE_IN_FRAMEWORK_HEADER = YES;
				CLANG_WARN_RANGE_LOOP_ANALYSIS = YES;
				CLANG_WARN_STRICT_PROTOTYPES = YES;
				CLANG_WARN_SUSPICIOUS_MOVE = YES;
				CLANG_WARN_UNGUARDED_AVAILABILITY = YES_AGGRESSIVE;
				CLANG_WARN_UNREACHABLE_CODE = YES;
				CLANG_WARN__DUPLICATE_METHOD_MATCH = YES;
				COPY_PHASE_STRIP = NO;
				DEBUG_INFORMATION_FORMAT = "dwarf-with-dsym";
				ENABLE_NS_ASSERTIONS = NO;
				ENABLE_STRICT_OBJC_MSGSEND = YES;
				GCC_C_LANGUAGE_STANDARD = gnu11;
				GCC_NO_COMMON_BLOCKS = YES;
				GCC_WARN_64_TO_32_BIT_CONVERSION = YES;
				GCC_WARN_ABOUT_RETURN_TYPE = YES_ERROR;
				GCC_WARN_UNDECLARED_SELECTOR = YES;
				GCC_WARN_UNINITIALIZED_AUTOS = YES_AGGRESSIVE;
				GCC_WARN_UNUSED_FUNCTION = YES;
				GCC_WARN_UNUSED_VARIABLE = YES;
				IPHONEOS_DEPLOYMENT_TARGET = 13.0;
				MTL_ENABLE_DEBUG_INFO = NO;
				MTL_FAST_MATH = YES;
				SDKROOT = iphoneos;
				SWIFT_COMPILATION_MODE = wholemodule;
				SWIFT_OPTIMIZATION_LEVEL = "-O";
				VALIDATE_PRODUCT = YES;
			};
			name = Release;
		};
		A05C44AA27E2615700D437FA /* Debug */ = {
			isa = XCBuildConfiguration;
			baseConfigurationReference = DD058694FF9D5E6E639F413D /* Pods-Weather.debug.xcconfig */;
			buildSettings = {
				ASSETCATALOG_COMPILER_APPICON_NAME = AppIcon;
				ASSETCATALOG_COMPILER_GLOBAL_ACCENT_COLOR_NAME = AccentColor;
				CLANG_ENABLE_MODULES = YES;
				CODE_SIGN_STYLE = Automatic;
				CURRENT_PROJECT_VERSION = 1;
				DEFINES_MODULE = NO;
				GENERATE_INFOPLIST_FILE = YES;
				INFOPLIST_FILE = Weather/SupportingFiles/Info.plist;
				INFOPLIST_KEY_UIApplicationSupportsIndirectInputEvents = YES;
				INFOPLIST_KEY_UILaunchStoryboardName = LaunchScreen;
				INFOPLIST_KEY_UISupportedInterfaceOrientations = UIInterfaceOrientationPortrait;
				INFOPLIST_KEY_UISupportedInterfaceOrientations_iPad = UIInterfaceOrientationPortrait;
				INFOPLIST_KEY_UISupportedInterfaceOrientations_iPhone = UIInterfaceOrientationPortrait;
				IPHONEOS_DEPLOYMENT_TARGET = 13.0;
				LD_RUNPATH_SEARCH_PATHS = (
					"$(inherited)",
					"@executable_path/Frameworks",
				);
				MARKETING_VERSION = 1.0;
				PRODUCT_BUNDLE_IDENTIFIER = Com.PlanRadar.Weather;
				PRODUCT_NAME = "$(TARGET_NAME)";
				SWIFT_EMIT_LOC_STRINGS = YES;
				SWIFT_OBJC_BRIDGING_HEADER = "Weather/Weather-Bridging-Header.h";
				SWIFT_OPTIMIZATION_LEVEL = "-Onone";
				SWIFT_VERSION = 5.0;
				TARGETED_DEVICE_FAMILY = "1,2";
			};
			name = Debug;
		};
		A05C44AB27E2615700D437FA /* Release */ = {
			isa = XCBuildConfiguration;
			baseConfigurationReference = 5F5C71DD3F51E2A985D06EB7 /* Pods-Weather.release.xcconfig */;
			buildSettings = {
				ASSETCATALOG_COMPILER_APPICON_NAME = AppIcon;
				ASSETCATALOG_COMPILER_GLOBAL_ACCENT_COLOR_NAME = AccentColor;
				CLANG_ENABLE_MODULES = YES;
				CODE_SIGN_STYLE = Automatic;
				CURRENT_PROJECT_VERSION = 1;
				DEFINES_MODULE = NO;
				GENERATE_INFOPLIST_FILE = YES;
				INFOPLIST_FILE = Weather/SupportingFiles/Info.plist;
				INFOPLIST_KEY_UIApplicationSupportsIndirectInputEvents = YES;
				INFOPLIST_KEY_UILaunchStoryboardName = LaunchScreen;
				INFOPLIST_KEY_UISupportedInterfaceOrientations = UIInterfaceOrientationPortrait;
				INFOPLIST_KEY_UISupportedInterfaceOrientations_iPad = UIInterfaceOrientationPortrait;
				INFOPLIST_KEY_UISupportedInterfaceOrientations_iPhone = UIInterfaceOrientationPortrait;
				IPHONEOS_DEPLOYMENT_TARGET = 13.0;
				LD_RUNPATH_SEARCH_PATHS = (
					"$(inherited)",
					"@executable_path/Frameworks",
				);
				MARKETING_VERSION = 1.0;
				PRODUCT_BUNDLE_IDENTIFIER = Com.PlanRadar.Weather;
				PRODUCT_NAME = "$(TARGET_NAME)";
				SWIFT_EMIT_LOC_STRINGS = YES;
				SWIFT_OBJC_BRIDGING_HEADER = "Weather/Weather-Bridging-Header.h";
				SWIFT_VERSION = 5.0;
				TARGETED_DEVICE_FAMILY = "1,2";
			};
			name = Release;
		};
		A05C44AD27E2615700D437FA /* Debug */ = {
			isa = XCBuildConfiguration;
			baseConfigurationReference = CCBBD114EF7A5A88A06F9CA4 /* Pods-WeatherTests.debug.xcconfig */;
			buildSettings = {
				ALWAYS_EMBED_SWIFT_STANDARD_LIBRARIES = YES;
				BUNDLE_LOADER = "$(TEST_HOST)";
				CODE_SIGN_STYLE = Automatic;
				CURRENT_PROJECT_VERSION = 1;
				GENERATE_INFOPLIST_FILE = YES;
				IPHONEOS_DEPLOYMENT_TARGET = 15.4;
				MARKETING_VERSION = 1.0;
				PRODUCT_BUNDLE_IDENTIFIER = Com.PlanRadar.WeatherTests;
				PRODUCT_NAME = "$(TARGET_NAME)";
				SWIFT_EMIT_LOC_STRINGS = NO;
				SWIFT_VERSION = 5.0;
				TARGETED_DEVICE_FAMILY = "1,2";
				TEST_HOST = "$(BUILT_PRODUCTS_DIR)/Weather.app/Weather";
			};
			name = Debug;
		};
		A05C44AE27E2615700D437FA /* Release */ = {
			isa = XCBuildConfiguration;
			baseConfigurationReference = EF0950C767E253C27E49C187 /* Pods-WeatherTests.release.xcconfig */;
			buildSettings = {
				ALWAYS_EMBED_SWIFT_STANDARD_LIBRARIES = YES;
				BUNDLE_LOADER = "$(TEST_HOST)";
				CODE_SIGN_STYLE = Automatic;
				CURRENT_PROJECT_VERSION = 1;
				GENERATE_INFOPLIST_FILE = YES;
				IPHONEOS_DEPLOYMENT_TARGET = 15.4;
				MARKETING_VERSION = 1.0;
				PRODUCT_BUNDLE_IDENTIFIER = Com.PlanRadar.WeatherTests;
				PRODUCT_NAME = "$(TARGET_NAME)";
				SWIFT_EMIT_LOC_STRINGS = NO;
				SWIFT_VERSION = 5.0;
				TARGETED_DEVICE_FAMILY = "1,2";
				TEST_HOST = "$(BUILT_PRODUCTS_DIR)/Weather.app/Weather";
			};
			name = Release;
		};
/* End XCBuildConfiguration section */

/* Begin XCConfigurationList section */
		A05C447727E2615400D437FA /* Build configuration list for PBXProject "Weather" */ = {
			isa = XCConfigurationList;
			buildConfigurations = (
				A05C44A727E2615700D437FA /* Debug */,
				A05C44A827E2615700D437FA /* Release */,
			);
			defaultConfigurationIsVisible = 0;
			defaultConfigurationName = Release;
		};
		A05C44A927E2615700D437FA /* Build configuration list for PBXNativeTarget "Weather" */ = {
			isa = XCConfigurationList;
			buildConfigurations = (
				A05C44AA27E2615700D437FA /* Debug */,
				A05C44AB27E2615700D437FA /* Release */,
			);
			defaultConfigurationIsVisible = 0;
			defaultConfigurationName = Release;
		};
		A05C44AC27E2615700D437FA /* Build configuration list for PBXNativeTarget "WeatherTests" */ = {
			isa = XCConfigurationList;
			buildConfigurations = (
				A05C44AD27E2615700D437FA /* Debug */,
				A05C44AE27E2615700D437FA /* Release */,
			);
			defaultConfigurationIsVisible = 0;
			defaultConfigurationName = Release;
		};
/* End XCConfigurationList section */

/* Begin XCVersionGroup section */
		A05C448827E2615400D437FA /* Weather.xcdatamodeld */ = {
			isa = XCVersionGroup;
			children = (
				A05C448927E2615400D437FA /* Weather.xcdatamodel */,
			);
			currentVersion = A05C448927E2615400D437FA /* Weather.xcdatamodel */;
			path = Weather.xcdatamodeld;
			sourceTree = "<group>";
			versionGroupType = wrapper.xcdatamodel;
		};
/* End XCVersionGroup section */
	};
	rootObject = A05C447427E2615400D437FA /* Project object */;
}
